// !$*UTF8*$!
{
	archiveVersion = 1;
	classes = {
	};
	objectVersion = 46;
	objects = {
/* Begin PBXBuildFile section */
		858B842D18CA22B800AB12DE /* InfoPlist.strings in Resources */ = {isa = PBXBuildFile; fileRef = 858B833A18CA111C00AB12DE /* InfoPlist.strings */; };
		CD45EE7C18DC2D5800FB50C0 /* app in Resources */ = {isa = PBXBuildFile; fileRef = CD45EE7A18DC2D5800FB50C0 /* app */; };
		CD62955D1BB2678900AE3A93 /* main.m in Sources */ = {isa = PBXBuildFile; fileRef = CD62955C1BB2678900AE3A93 /* main.m */; };
		630D80D23504462B8408CC4C /* Default-568h@2x.png in Resources */ = {isa = PBXBuildFile; fileRef = 904D01E2EC2D40B2B56C9F82 /* Default-568h@2x.png */; };
		F878CC7B20454E17B13659AB /* Default-667h@2x.png in Resources */ = {isa = PBXBuildFile; fileRef = 4F022C54B304404BAFB7C301 /* Default-667h@2x.png */; };
		0E5C2BF9B3C747618FEB5087 /* Default-736h@3x.png in Resources */ = {isa = PBXBuildFile; fileRef = 62A7D0CC34184268816E5D45 /* Default-736h@3x.png */; };
		989F5172FF5E41B4A2126268 /* Default-Landscape-568h@2x.png in Resources */ = {isa = PBXBuildFile; fileRef = 1668B2FD7C614CB79969B13F /* Default-Landscape-568h@2x.png */; };
		7336F5378FC14EC5AEB41202 /* Default-Landscape-667h@2x.png in Resources */ = {isa = PBXBuildFile; fileRef = 9E7652E410DD427C90BF1253 /* Default-Landscape-667h@2x.png */; };
		E62640578C9B436F817CF989 /* Default-Landscape.png in Resources */ = {isa = PBXBuildFile; fileRef = D14AD54400CC4E11960CA3B9 /* Default-Landscape.png */; };
		FD38115113214C04815A06FA /* Default-Landscape@2x.png in Resources */ = {isa = PBXBuildFile; fileRef = 4B085E6567AC4AC0B52B2F7A /* Default-Landscape@2x.png */; };
		0E1EE22766E84739BEE43591 /* Default-Landscape@3x.png in Resources */ = {isa = PBXBuildFile; fileRef = 502EEEC6EDF645BC9F2BB64C /* Default-Landscape@3x.png */; };
		AD77EB14814D49B1A1C625ED /* Default-Portrait.png in Resources */ = {isa = PBXBuildFile; fileRef = B0C336CB240C408EAF939776 /* Default-Portrait.png */; };
		20869DD4978F4A64A17804F0 /* Default-Portrait@2x.png in Resources */ = {isa = PBXBuildFile; fileRef = 98A7D6C53A6C4228BFF96D76 /* Default-Portrait@2x.png */; };
		F1A3B24878AB48F59AE0EFE8 /* Default.png in Resources */ = {isa = PBXBuildFile; fileRef = 4C12A4F1CD8347AA8B4569E3 /* Default.png */; };
		9FFA277991C04486A6665DE0 /* Default@2x.png in Resources */ = {isa = PBXBuildFile; fileRef = F54CAEE9E20C47D087FB0EA0 /* Default@2x.png */; };
		17F0FFFF73B047278B5B069E /* Icon-Small-50.png in Resources */ = {isa = PBXBuildFile; fileRef = 5D1B8C0B7FB44F9F9ED7490E /* Icon-Small-50.png */; };
		949658A54A4346A39FC84D66 /* Icon-Small-50@2x.png in Resources */ = {isa = PBXBuildFile; fileRef = 917BDF640B5D429AB11A96E3 /* Icon-Small-50@2x.png */; };
		1772F40431734141B162C40D /* Icon-Small.png in Resources */ = {isa = PBXBuildFile; fileRef = 1DCC457394D5484EAE921347 /* Icon-Small.png */; };
		F4A1B84A13DA401C86ED4CB0 /* Icon-Small@2x.png in Resources */ = {isa = PBXBuildFile; fileRef = 6DF5829B6CA6491598F9F779 /* Icon-Small@2x.png */; };
		D2F0459571FB483B97182D44 /* icon-40.png in Resources */ = {isa = PBXBuildFile; fileRef = D1CF30C54BBB4D85BBA0D591 /* icon-40.png */; };
		A9D914BB7E1A43BB8E7C697B /* icon-40@2x.png in Resources */ = {isa = PBXBuildFile; fileRef = ECBC9831A2C1420392E52C00 /* icon-40@2x.png */; };
		07B9E5501CF44706A6B80464 /* icon-60.png in Resources */ = {isa = PBXBuildFile; fileRef = 26854C14F2B1457689A708E1 /* icon-60.png */; };
		BF76DF9124C644AE988FDA30 /* icon-60@2x.png in Resources */ = {isa = PBXBuildFile; fileRef = 53F4AB48980443F09198539B /* icon-60@2x.png */; };
		9A002C0B69924881A10EC75F /* icon-72.png in Resources */ = {isa = PBXBuildFile; fileRef = CA237131CC664E49A1EB018E /* icon-72.png */; };
		ED4535849C1D4C1C92183A9C /* icon-72@2x.png in Resources */ = {isa = PBXBuildFile; fileRef = EE64EA7305A64CC68979263A /* icon-72@2x.png */; };
		C337BDBF0DE0473CA9468DCC /* icon-76.png in Resources */ = {isa = PBXBuildFile; fileRef = DDE52C7FEAA84F60B45F73F7 /* icon-76.png */; };
		5382DA17C10D4AFD8ADFEF37 /* icon-76@2x.png in Resources */ = {isa = PBXBuildFile; fileRef = 9A7A2F2F73DA4EE99FEB28FE /* icon-76@2x.png */; };
		99002ADAB37C4D0E977AE78C /* icon.png in Resources */ = {isa = PBXBuildFile; fileRef = E2A99705DF8E483E88339F6A /* icon.png */; };
		64E3C0EAC53A4CABA752BB45 /* icon@2x.png in Resources */ = {isa = PBXBuildFile; fileRef = CA63E45A772C4201A755FD23 /* icon@2x.png */; };
/* End PBXBuildFile section */

/* Begin PBXCopyFilesBuildPhase section */
		85F5BDFC1A9363BE006B9701 /* Embed Frameworks */ = {
			isa = PBXCopyFilesBuildPhase;
			buildActionMask = 2147483647;
			dstPath = "";
			dstSubfolderSpec = 10;
			files = (
			);
			name = "Embed Frameworks";
			runOnlyForDeploymentPostprocessing = 0;
		};
/* End PBXCopyFilesBuildPhase section */

/* Begin PBXFileReference section */
		858B832E18CA111C00AB12DE /* test.app */ = {isa = PBXFileReference; explicitFileType = wrapper.application; includeInIndex = 0; path = test.app; sourceTree = BUILT_PRODUCTS_DIR; };
		858B833918CA111C00AB12DE /* test-Info.plist */ = {isa = PBXFileReference; lastKnownFileType = text.plist.xml; path = "test-Info.plist"; sourceTree = "<group>"; };
		858B833B18CA111C00AB12DE /* en */ = {isa = PBXFileReference; lastKnownFileType = text.plist.strings; name = en; path = en.lproj/InfoPlist.strings; sourceTree = "<group>"; };
		858B833F18CA111C00AB12DE /* test-Prefix.pch */ = {isa = PBXFileReference; lastKnownFileType = sourcecode.c.h; path = "test-Prefix.pch"; sourceTree = "<group>"; };
		858B843318CA22B800AB12DE /* test.app */ = {isa = PBXFileReference; explicitFileType = wrapper.application; includeInIndex = 0; path = test.app; sourceTree = BUILT_PRODUCTS_DIR; };
		CD45EE7A18DC2D5800FB50C0 /* app */ = {isa = PBXFileReference; lastKnownFileType = folder; path = app; sourceTree = "<group>"; };
		CD62955C1BB2678900AE3A93 /* main.m */ = {isa = PBXFileReference; fileEncoding = 4; lastKnownFileType = sourcecode.c.objc; name = main.m; path = internal/main.m; sourceTree = SOURCE_ROOT; };
		CDD59A261BB43B5D00EC2671 /* build-debug.xcconfig */ = {isa = PBXFileReference; fileEncoding = 4; lastKnownFileType = text.xcconfig; path = "build-debug.xcconfig"; sourceTree = "<group>"; };
		CDD59A271BB43B5D00EC2671 /* build-release.xcconfig */ = {isa = PBXFileReference; fileEncoding = 4; lastKnownFileType = text.xcconfig; path = "build-release.xcconfig"; sourceTree = "<group>"; };
		CDF4743E1BA4855C0087EA85 /* build.xcconfig */ = {isa = PBXFileReference; fileEncoding = 4; lastKnownFileType = text.xcconfig; path = build.xcconfig; sourceTree = "<group>"; };
		F9B8C6A31ACEDEEB00547416 /* en */ = {isa = PBXFileReference; lastKnownFileType = file.xib; name = en; path = en.lproj/LaunchScreen.xib; sourceTree = "<group>"; };
		904D01E2EC2D40B2B56C9F82 /* Default-568h@2x.png */ = {isa = PBXFileReference; lastKnownFileType = image.png; name = "Default-568h@2x.png"; path = "test/Resources/Default-568h@2x.png"; sourceTree = "<group>"; };
		4F022C54B304404BAFB7C301 /* Default-667h@2x.png */ = {isa = PBXFileReference; lastKnownFileType = image.png; name = "Default-667h@2x.png"; path = "test/Resources/Default-667h@2x.png"; sourceTree = "<group>"; };
		62A7D0CC34184268816E5D45 /* Default-736h@3x.png */ = {isa = PBXFileReference; lastKnownFileType = image.png; name = "Default-736h@3x.png"; path = "test/Resources/Default-736h@3x.png"; sourceTree = "<group>"; };
		1668B2FD7C614CB79969B13F /* Default-Landscape-568h@2x.png */ = {isa = PBXFileReference; lastKnownFileType = image.png; name = "Default-Landscape-568h@2x.png"; path = "test/Resources/Default-Landscape-568h@2x.png"; sourceTree = "<group>"; };
		9E7652E410DD427C90BF1253 /* Default-Landscape-667h@2x.png */ = {isa = PBXFileReference; lastKnownFileType = image.png; name = "Default-Landscape-667h@2x.png"; path = "test/Resources/Default-Landscape-667h@2x.png"; sourceTree = "<group>"; };
		D14AD54400CC4E11960CA3B9 /* Default-Landscape.png */ = {isa = PBXFileReference; lastKnownFileType = image.png; name = "Default-Landscape.png"; path = "test/Resources/Default-Landscape.png"; sourceTree = "<group>"; };
		4B085E6567AC4AC0B52B2F7A /* Default-Landscape@2x.png */ = {isa = PBXFileReference; lastKnownFileType = image.png; name = "Default-Landscape@2x.png"; path = "test/Resources/Default-Landscape@2x.png"; sourceTree = "<group>"; };
		502EEEC6EDF645BC9F2BB64C /* Default-Landscape@3x.png */ = {isa = PBXFileReference; lastKnownFileType = image.png; name = "Default-Landscape@3x.png"; path = "test/Resources/Default-Landscape@3x.png"; sourceTree = "<group>"; };
		B0C336CB240C408EAF939776 /* Default-Portrait.png */ = {isa = PBXFileReference; lastKnownFileType = image.png; name = "Default-Portrait.png"; path = "test/Resources/Default-Portrait.png"; sourceTree = "<group>"; };
		98A7D6C53A6C4228BFF96D76 /* Default-Portrait@2x.png */ = {isa = PBXFileReference; lastKnownFileType = image.png; name = "Default-Portrait@2x.png"; path = "test/Resources/Default-Portrait@2x.png"; sourceTree = "<group>"; };
		4C12A4F1CD8347AA8B4569E3 /* Default.png */ = {isa = PBXFileReference; lastKnownFileType = image.png; name = Default.png; path = "test/Resources/Default.png"; sourceTree = "<group>"; };
		F54CAEE9E20C47D087FB0EA0 /* Default@2x.png */ = {isa = PBXFileReference; lastKnownFileType = image.png; name = "Default@2x.png"; path = "test/Resources/Default@2x.png"; sourceTree = "<group>"; };
		5D1B8C0B7FB44F9F9ED7490E /* Icon-Small-50.png */ = {isa = PBXFileReference; lastKnownFileType = image.png; name = "Icon-Small-50.png"; path = "test/Resources/Icon-Small-50.png"; sourceTree = "<group>"; };
		917BDF640B5D429AB11A96E3 /* Icon-Small-50@2x.png */ = {isa = PBXFileReference; lastKnownFileType = image.png; name = "Icon-Small-50@2x.png"; path = "test/Resources/Icon-Small-50@2x.png"; sourceTree = "<group>"; };
		1DCC457394D5484EAE921347 /* Icon-Small.png */ = {isa = PBXFileReference; lastKnownFileType = image.png; name = "Icon-Small.png"; path = "test/Resources/Icon-Small.png"; sourceTree = "<group>"; };
		6DF5829B6CA6491598F9F779 /* Icon-Small@2x.png */ = {isa = PBXFileReference; lastKnownFileType = image.png; name = "Icon-Small@2x.png"; path = "test/Resources/Icon-Small@2x.png"; sourceTree = "<group>"; };
		D1CF30C54BBB4D85BBA0D591 /* icon-40.png */ = {isa = PBXFileReference; lastKnownFileType = image.png; name = "icon-40.png"; path = "test/Resources/icon-40.png"; sourceTree = "<group>"; };
		ECBC9831A2C1420392E52C00 /* icon-40@2x.png */ = {isa = PBXFileReference; lastKnownFileType = image.png; name = "icon-40@2x.png"; path = "test/Resources/icon-40@2x.png"; sourceTree = "<group>"; };
		26854C14F2B1457689A708E1 /* icon-60.png */ = {isa = PBXFileReference; lastKnownFileType = image.png; name = "icon-60.png"; path = "test/Resources/icon-60.png"; sourceTree = "<group>"; };
		53F4AB48980443F09198539B /* icon-60@2x.png */ = {isa = PBXFileReference; lastKnownFileType = image.png; name = "icon-60@2x.png"; path = "test/Resources/icon-60@2x.png"; sourceTree = "<group>"; };
		CA237131CC664E49A1EB018E /* icon-72.png */ = {isa = PBXFileReference; lastKnownFileType = image.png; name = "icon-72.png"; path = "test/Resources/icon-72.png"; sourceTree = "<group>"; };
		EE64EA7305A64CC68979263A /* icon-72@2x.png */ = {isa = PBXFileReference; lastKnownFileType = image.png; name = "icon-72@2x.png"; path = "test/Resources/icon-72@2x.png"; sourceTree = "<group>"; };
		DDE52C7FEAA84F60B45F73F7 /* icon-76.png */ = {isa = PBXFileReference; lastKnownFileType = image.png; name = "icon-76.png"; path = "test/Resources/icon-76.png"; sourceTree = "<group>"; };
		9A7A2F2F73DA4EE99FEB28FE /* icon-76@2x.png */ = {isa = PBXFileReference; lastKnownFileType = image.png; name = "icon-76@2x.png"; path = "test/Resources/icon-76@2x.png"; sourceTree = "<group>"; };
		E2A99705DF8E483E88339F6A /* icon.png */ = {isa = PBXFileReference; lastKnownFileType = image.png; name = icon.png; path = "test/Resources/icon.png"; sourceTree = "<group>"; };
		CA63E45A772C4201A755FD23 /* icon@2x.png */ = {isa = PBXFileReference; lastKnownFileType = image.png; name = "icon@2x.png"; path = "test/Resources/icon@2x.png"; sourceTree = "<group>"; };
/* End PBXFileReference section */

/* Begin PBXFrameworksBuildPhase section */
		858B83F418CA22B800AB12DE /* Frameworks */ = {
			isa = PBXFrameworksBuildPhase;
			buildActionMask = 2147483647;
			files = (
			);
			runOnlyForDeploymentPostprocessing = 0;
		};
/* End PBXFrameworksBuildPhase section */

/* Begin PBXGroup section */
		858B832518CA111C00AB12DE = {
			isa = PBXGroup;
			children = (
				E070579D1B39A9D000214BF1 /* Resources */,
				858B833718CA111C00AB12DE /* test */,
				858B833018CA111C00AB12DE /* Frameworks */,
				858B832F18CA111C00AB12DE /* Products */,
			);
			sourceTree = "<group>";
		};
		858B832F18CA111C00AB12DE /* Products */ = {
			isa = PBXGroup;
			children = (
				858B832E18CA111C00AB12DE /* test.app */,
				858B843318CA22B800AB12DE /* test.app */,
			);
			name = Products;
			sourceTree = "<group>";
		};
		858B833018CA111C00AB12DE /* Frameworks */ = {
			isa = PBXGroup;
			children = (
			);
			name = Frameworks;
			sourceTree = "<group>";
		};
		858B833718CA111C00AB12DE /* test */ = {
			isa = PBXGroup;
			children = (
				CD45EE7A18DC2D5800FB50C0 /* app */,
				F9B8C6A21ACEDEEB00547416 /* LaunchScreen.xib */,
				858B833818CA111C00AB12DE /* Supporting Files */,
			);
			path = test;
			sourceTree = "<group>";
		};
		858B833818CA111C00AB12DE /* Supporting Files */ = {
			isa = PBXGroup;
			children = (
				CDF4743E1BA4855C0087EA85 /* build.xcconfig */,
				CDD59A261BB43B5D00EC2671 /* build-debug.xcconfig */,
				CDD59A271BB43B5D00EC2671 /* build-release.xcconfig */,
				858B833918CA111C00AB12DE /* test-Info.plist */,
				858B833A18CA111C00AB12DE /* InfoPlist.strings */,
				CD62955C1BB2678900AE3A93 /* main.m */,
				858B833F18CA111C00AB12DE /* test-Prefix.pch */,
			);
			name = "Supporting Files";
			sourceTree = "<group>";
		};
		E070579D1B39A9D000214BF1 /* Resources */ = {
			isa = PBXGroup;
			children = (
				904D01E2EC2D40B2B56C9F82 /* Default-568h@2x.png */,
				4F022C54B304404BAFB7C301 /* Default-667h@2x.png */,
				62A7D0CC34184268816E5D45 /* Default-736h@3x.png */,
				1668B2FD7C614CB79969B13F /* Default-Landscape-568h@2x.png */,
				9E7652E410DD427C90BF1253 /* Default-Landscape-667h@2x.png */,
				D14AD54400CC4E11960CA3B9 /* Default-Landscape.png */,
				4B085E6567AC4AC0B52B2F7A /* Default-Landscape@2x.png */,
				502EEEC6EDF645BC9F2BB64C /* Default-Landscape@3x.png */,
				B0C336CB240C408EAF939776 /* Default-Portrait.png */,
				98A7D6C53A6C4228BFF96D76 /* Default-Portrait@2x.png */,
				4C12A4F1CD8347AA8B4569E3 /* Default.png */,
				F54CAEE9E20C47D087FB0EA0 /* Default@2x.png */,
				5D1B8C0B7FB44F9F9ED7490E /* Icon-Small-50.png */,
				917BDF640B5D429AB11A96E3 /* Icon-Small-50@2x.png */,
				1DCC457394D5484EAE921347 /* Icon-Small.png */,
				6DF5829B6CA6491598F9F779 /* Icon-Small@2x.png */,
				D1CF30C54BBB4D85BBA0D591 /* icon-40.png */,
				ECBC9831A2C1420392E52C00 /* icon-40@2x.png */,
				26854C14F2B1457689A708E1 /* icon-60.png */,
				53F4AB48980443F09198539B /* icon-60@2x.png */,
				CA237131CC664E49A1EB018E /* icon-72.png */,
				EE64EA7305A64CC68979263A /* icon-72@2x.png */,
				DDE52C7FEAA84F60B45F73F7 /* icon-76.png */,
				9A7A2F2F73DA4EE99FEB28FE /* icon-76@2x.png */,
				E2A99705DF8E483E88339F6A /* icon.png */,
				CA63E45A772C4201A755FD23 /* icon@2x.png */,
			);
			name = Resources;
			sourceTree = "<group>";
		};
/* End PBXGroup section */

/* Begin PBXNativeTarget section */
		858B83EF18CA22B800AB12DE /* test */ = {
			isa = PBXNativeTarget;
			buildConfigurationList = 858B843018CA22B800AB12DE /* Build configuration list for PBXNativeTarget "test" */;
			buildPhases = (
				C97FD7AC1ADE5369004DB2A4 /* NativeScript PreBuild */,
				858B83F218CA22B800AB12DE /* Sources */,
				CD62955B1BB2651D00AE3A93 /* NativeScript PreLink */,
				858B83F418CA22B800AB12DE /* Frameworks */,
				858B842C18CA22B800AB12DE /* Resources */,
				85F5BDFC1A9363BE006B9701 /* Embed Frameworks */,
				CD3EAD351B05FF060042DBFC /* NativeScript PostBuild */,
			);
			buildRules = (
			);
			dependencies = (
			);
			name = test;
			productName = JDBridgeApp;
			productReference = 858B843318CA22B800AB12DE /* test.app */;
			productType = "com.apple.product-type.application";
		};
/* End PBXNativeTarget section */

/* Begin PBXProject section */
		858B832618CA111C00AB12DE /* Project object */ = {
			isa = PBXProject;
			attributes = {
				CLASSPREFIX = TNS;
				LastUpgradeCheck = 500;
				ORGANIZATIONNAME = Telerik;
			};
			buildConfigurationList = 858B832918CA111C00AB12DE /* Build configuration list for PBXProject "test" */;
			compatibilityVersion = "Xcode 3.2";
			developmentRegion = English;
			hasScannedForEncodings = 0;
			knownRegions = (
				en,
			);
			mainGroup = 858B832518CA111C00AB12DE;
			productRefGroup = 858B832F18CA111C00AB12DE /* Products */;
			projectDirPath = "";
			projectRoot = "";
			targets = (
				858B83EF18CA22B800AB12DE /* test */,
			);
		};
/* End PBXProject section */

/* Begin PBXResourcesBuildPhase section */
		858B842C18CA22B800AB12DE /* Resources */ = {
			isa = PBXResourcesBuildPhase;
			buildActionMask = 2147483647;
			files = (
				CD45EE7C18DC2D5800FB50C0 /* app in Resources */,
				858B842D18CA22B800AB12DE /* InfoPlist.strings in Resources */,
				630D80D23504462B8408CC4C /* Default-568h@2x.png in Resources */,
				F878CC7B20454E17B13659AB /* Default-667h@2x.png in Resources */,
				0E5C2BF9B3C747618FEB5087 /* Default-736h@3x.png in Resources */,
				989F5172FF5E41B4A2126268 /* Default-Landscape-568h@2x.png in Resources */,
				7336F5378FC14EC5AEB41202 /* Default-Landscape-667h@2x.png in Resources */,
				E62640578C9B436F817CF989 /* Default-Landscape.png in Resources */,
				FD38115113214C04815A06FA /* Default-Landscape@2x.png in Resources */,
				0E1EE22766E84739BEE43591 /* Default-Landscape@3x.png in Resources */,
				AD77EB14814D49B1A1C625ED /* Default-Portrait.png in Resources */,
				20869DD4978F4A64A17804F0 /* Default-Portrait@2x.png in Resources */,
				F1A3B24878AB48F59AE0EFE8 /* Default.png in Resources */,
				9FFA277991C04486A6665DE0 /* Default@2x.png in Resources */,
				17F0FFFF73B047278B5B069E /* Icon-Small-50.png in Resources */,
				949658A54A4346A39FC84D66 /* Icon-Small-50@2x.png in Resources */,
				1772F40431734141B162C40D /* Icon-Small.png in Resources */,
				F4A1B84A13DA401C86ED4CB0 /* Icon-Small@2x.png in Resources */,
				D2F0459571FB483B97182D44 /* icon-40.png in Resources */,
				A9D914BB7E1A43BB8E7C697B /* icon-40@2x.png in Resources */,
				07B9E5501CF44706A6B80464 /* icon-60.png in Resources */,
				BF76DF9124C644AE988FDA30 /* icon-60@2x.png in Resources */,
				9A002C0B69924881A10EC75F /* icon-72.png in Resources */,
				ED4535849C1D4C1C92183A9C /* icon-72@2x.png in Resources */,
				C337BDBF0DE0473CA9468DCC /* icon-76.png in Resources */,
				5382DA17C10D4AFD8ADFEF37 /* icon-76@2x.png in Resources */,
				99002ADAB37C4D0E977AE78C /* icon.png in Resources */,
				64E3C0EAC53A4CABA752BB45 /* icon@2x.png in Resources */,
			);
			runOnlyForDeploymentPostprocessing = 0;
		};
/* End PBXResourcesBuildPhase section */

/* Begin PBXShellScriptBuildPhase section */
		C97FD7AC1ADE5369004DB2A4 /* NativeScript PreBuild */ = {
			isa = PBXShellScriptBuildPhase;
			buildActionMask = 2147483647;
			files = (
			);
			inputPaths = (
			);
			name = "NativeScript PreBuild";
			outputPaths = (
			);
			runOnlyForDeploymentPostprocessing = 0;
			shellPath = /bin/sh;
			shellScript = "\"$SRCROOT/internal/nativescript-pre-build\"";
			showEnvVarsInLog = 0;
		};
		CD3EAD351B05FF060042DBFC /* NativeScript PostBuild */ = {
			isa = PBXShellScriptBuildPhase;
			buildActionMask = 2147483647;
			files = (
			);
			inputPaths = (
			);
			name = "NativeScript PostBuild";
			outputPaths = (
			);
			runOnlyForDeploymentPostprocessing = 0;
			shellPath = /bin/sh;
			shellScript = "\"$SRCROOT/internal/nativescript-post-build\"";
			showEnvVarsInLog = 0;
		};
		CD62955B1BB2651D00AE3A93 /* NativeScript PreLink */ = {
			isa = PBXShellScriptBuildPhase;
			buildActionMask = 2147483647;
			files = (
			);
			inputPaths = (
			);
			name = "NativeScript PreLink";
			outputPaths = (
			);
			runOnlyForDeploymentPostprocessing = 0;
			shellPath = /bin/sh;
			shellScript = "\"$SRCROOT/internal/nativescript-pre-link\"";
			showEnvVarsInLog = 0;
		};
/* End PBXShellScriptBuildPhase section */

/* Begin PBXSourcesBuildPhase section */
		858B83F218CA22B800AB12DE /* Sources */ = {
			isa = PBXSourcesBuildPhase;
			buildActionMask = 2147483647;
			files = (
				CD62955D1BB2678900AE3A93 /* main.m in Sources */,
			);
			runOnlyForDeploymentPostprocessing = 0;
		};
/* End PBXSourcesBuildPhase section */

/* Begin PBXVariantGroup section */
		858B833A18CA111C00AB12DE /* InfoPlist.strings */ = {
			isa = PBXVariantGroup;
			children = (
				858B833B18CA111C00AB12DE /* en */,
			);
			name = InfoPlist.strings;
			sourceTree = "<group>";
		};
		F9B8C6A21ACEDEEB00547416 /* LaunchScreen.xib */ = {
			isa = PBXVariantGroup;
			children = (
				F9B8C6A31ACEDEEB00547416 /* en */,
			);
			name = LaunchScreen.xib;
			sourceTree = "<group>";
		};
/* End PBXVariantGroup section */

/* Begin XCBuildConfiguration section */
		858B835818CA111C00AB12DE /* Debug */ = {
			isa = XCBuildConfiguration;
			buildSettings = {
				ALWAYS_SEARCH_USER_PATHS = NO;
				ARCHS = "$(ARCHS_STANDARD)";
				CLANG_CXX_LANGUAGE_STANDARD = "gnu++0x";
				CLANG_CXX_LIBRARY = "libc++";
				CLANG_ENABLE_MODULES = YES;
				CLANG_ENABLE_OBJC_ARC = YES;
				CLANG_WARN_BOOL_CONVERSION = YES;
				CLANG_WARN_CONSTANT_CONVERSION = YES;
				CLANG_WARN_DIRECT_OBJC_ISA_USAGE = YES_ERROR;
				CLANG_WARN_EMPTY_BODY = YES;
				CLANG_WARN_ENUM_CONVERSION = YES;
				CLANG_WARN_INT_CONVERSION = YES;
				CLANG_WARN_OBJC_ROOT_CLASS = YES_ERROR;
				CLANG_WARN__DUPLICATE_METHOD_MATCH = YES;
				"CODE_SIGN_IDENTITY[sdk=iphoneos*]" = "iPhone Developer";
				COPY_PHASE_STRIP = NO;
				GCC_C_LANGUAGE_STANDARD = gnu99;
				GCC_DYNAMIC_NO_PIC = NO;
				GCC_OPTIMIZATION_LEVEL = 0;
				GCC_SYMBOLS_PRIVATE_EXTERN = NO;
				GCC_WARN_64_TO_32_BIT_CONVERSION = YES;
				GCC_WARN_ABOUT_RETURN_TYPE = YES_ERROR;
				GCC_WARN_UNDECLARED_SELECTOR = YES;
				GCC_WARN_UNINITIALIZED_AUTOS = YES;
				GCC_WARN_UNUSED_FUNCTION = YES;
				GCC_WARN_UNUSED_VARIABLE = YES;
				IPHONEOS_DEPLOYMENT_TARGET = 7.0;
				ONLY_ACTIVE_ARCH = YES;
				SDKROOT = iphoneos;
				TARGETED_DEVICE_FAMILY = "1,2";
				VALID_ARCHS = "armv7 arm64";
			};
			name = Debug;
		};
		858B835918CA111C00AB12DE /* Release */ = {
			isa = XCBuildConfiguration;
			buildSettings = {
				ALWAYS_SEARCH_USER_PATHS = NO;
				ARCHS = "$(ARCHS_STANDARD)";
				CLANG_CXX_LANGUAGE_STANDARD = "gnu++0x";
				CLANG_CXX_LIBRARY = "libc++";
				CLANG_ENABLE_MODULES = YES;
				CLANG_ENABLE_OBJC_ARC = YES;
				CLANG_WARN_BOOL_CONVERSION = YES;
				CLANG_WARN_CONSTANT_CONVERSION = YES;
				CLANG_WARN_DIRECT_OBJC_ISA_USAGE = YES_ERROR;
				CLANG_WARN_EMPTY_BODY = YES;
				CLANG_WARN_ENUM_CONVERSION = YES;
				CLANG_WARN_INT_CONVERSION = YES;
				CLANG_WARN_OBJC_ROOT_CLASS = YES_ERROR;
				CLANG_WARN__DUPLICATE_METHOD_MATCH = YES;
				"CODE_SIGN_IDENTITY[sdk=iphoneos*]" = "iPhone Developer";
				COPY_PHASE_STRIP = YES;
				ENABLE_NS_ASSERTIONS = NO;
				GCC_C_LANGUAGE_STANDARD = gnu99;
				GCC_WARN_64_TO_32_BIT_CONVERSION = YES;
				GCC_WARN_ABOUT_RETURN_TYPE = YES_ERROR;
				GCC_WARN_UNDECLARED_SELECTOR = YES;
				GCC_WARN_UNINITIALIZED_AUTOS = YES;
				GCC_WARN_UNUSED_FUNCTION = YES;
				GCC_WARN_UNUSED_VARIABLE = YES;
				IPHONEOS_DEPLOYMENT_TARGET = 7.0;
				SDKROOT = iphoneos;
				TARGETED_DEVICE_FAMILY = "1,2";
				VALIDATE_PRODUCT = YES;
				VALID_ARCHS = "armv7 arm64";
			};
			name = Release;
		};
		858B843118CA22B800AB12DE /* Debug */ = {
			isa = XCBuildConfiguration;
			baseConfigurationReference = CDD59A261BB43B5D00EC2671 /* build-debug.xcconfig */;
			buildSettings = {
				ARCHS = "$(ARCHS_STANDARD)";
				CLANG_ENABLE_MODULES = NO;
				CLANG_MODULES_AUTOLINK = NO;
				ENABLE_BITCODE = NO;
				GCC_PRECOMPILE_PREFIX_HEADER = YES;
				GCC_PREFIX_HEADER = "test/test-Prefix.pch";
				GCC_PREPROCESSOR_DEFINITIONS = (
					"$(inherited)",
					"DEBUG=1",
				);
				INFOPLIST_FILE = "$(SRCROOT)/test/test-Info.plist";
				LD_RUNPATH_SEARCH_PATHS = "$(inherited) @executable_path/Frameworks";
				PRODUCT_NAME = test;
				VALID_ARCHS = "armv7 arm64";
				WRAPPER_EXTENSION = app;
			};
			name = Debug;
		};
		858B843218CA22B800AB12DE /* Release */ = {
			isa = XCBuildConfiguration;
			baseConfigurationReference = CDD59A271BB43B5D00EC2671 /* build-release.xcconfig */;
			buildSettings = {
				ARCHS = "$(ARCHS_STANDARD)";
				CLANG_ENABLE_MODULES = NO;
				CLANG_MODULES_AUTOLINK = NO;
				ENABLE_BITCODE = NO;
				GCC_PRECOMPILE_PREFIX_HEADER = YES;
				GCC_PREFIX_HEADER = "test/test-Prefix.pch";
				INFOPLIST_FILE = "$(SRCROOT)/test/test-Info.plist";
				LD_RUNPATH_SEARCH_PATHS = "$(inherited) @executable_path/Frameworks";
				PRODUCT_NAME = test;
				VALID_ARCHS = "armv7 arm64";
				WRAPPER_EXTENSION = app;
			};
			name = Release;
		};
/* End XCBuildConfiguration section */

/* Begin XCConfigurationList section */
		858B832918CA111C00AB12DE /* Build configuration list for PBXProject "test" */ = {
			isa = XCConfigurationList;
			buildConfigurations = (
				858B835818CA111C00AB12DE /* Debug */,
				858B835918CA111C00AB12DE /* Release */,
			);
			defaultConfigurationIsVisible = 0;
			defaultConfigurationName = Release;
		};
		858B843018CA22B800AB12DE /* Build configuration list for PBXNativeTarget "test" */ = {
			isa = XCConfigurationList;
			buildConfigurations = (
				858B843118CA22B800AB12DE /* Debug */,
				858B843218CA22B800AB12DE /* Release */,
			);
			defaultConfigurationIsVisible = 0;
			defaultConfigurationName = Release;
		};
/* End XCConfigurationList section */
	};
	rootObject = 858B832618CA111C00AB12DE /* Project object */;
}
